// !$*UTF8*$!
{
	archiveVersion = 1;
	classes = {
	};
	objectVersion = 55;
	objects = {

/* Begin PBXBuildFile section */
		AF1D61C328538A3A004F7FA6 /* Arrays.cpp in Sources */ = {isa = PBXBuildFile; fileRef = AF1D61C228538A3A004F7FA6 /* Arrays.cpp */; };
		AF1D61CA28539A03004F7FA6 /* Structures.cpp in Sources */ = {isa = PBXBuildFile; fileRef = AF1D61C928539A03004F7FA6 /* Structures.cpp */; };
		AF1D61CC2853D7D9004F7FA6 /* Pointers.cpp in Sources */ = {isa = PBXBuildFile; fileRef = AF1D61CB2853D7D9004F7FA6 /* Pointers.cpp */; };
		AF1D61CE2854E065004F7FA6 /* LinkedLists.cpp in Sources */ = {isa = PBXBuildFile; fileRef = AF1D61CD2854E065004F7FA6 /* LinkedLists.cpp */; };
		AF73CBEE286A02BB00999453 /* Classes.cpp in Sources */ = {isa = PBXBuildFile; fileRef = AF73CBED286A02BB00999453 /* Classes.cpp */; };
		AF73CBF0286A05AD00999453 /* MonolithicProgram.cpp in Sources */ = {isa = PBXBuildFile; fileRef = AF73CBEF286A05AD00999453 /* MonolithicProgram.cpp */; };
		AF73CBF2286A0B3C00999453 /* ModularProgram.cpp in Sources */ = {isa = PBXBuildFile; fileRef = AF73CBF1286A0B3C00999453 /* ModularProgram.cpp */; };
		AF73CBF4286A2DF900999453 /* TemplateClasses.cpp in Sources */ = {isa = PBXBuildFile; fileRef = AF73CBF3286A2DF900999453 /* TemplateClasses.cpp */; };
		AF73CBF7286A3DB500999453 /* StaticVsDynamic.cpp in Sources */ = {isa = PBXBuildFile; fileRef = AF73CBF6286A3DB500999453 /* StaticVsDynamic.cpp */; };
		AF73CBF9286B5B0500999453 /* PhysicalVsLogical.cpp in Sources */ = {isa = PBXBuildFile; fileRef = AF73CBF8286B5B0500999453 /* PhysicalVsLogical.cpp */; };
		AF73CBFE286DFB2F00999453 /* TimeSpaceComplexity.cpp in Sources */ = {isa = PBXBuildFile; fileRef = AF73CBFD286DFB2F00999453 /* TimeSpaceComplexity.cpp */; };
		AFC2B3FB2860EBC300C4630E /* References.cpp in Sources */ = {isa = PBXBuildFile; fileRef = AFC2B3FA2860EBC300C4630E /* References.cpp */; };
		AFC2B3FD2860EEEA00C4630E /* PointerStructure.cpp in Sources */ = {isa = PBXBuildFile; fileRef = AFC2B3FC2860EEEA00C4630E /* PointerStructure.cpp */; };
		AFC2B3FF2860F30500C4630E /* Functions.cpp in Sources */ = {isa = PBXBuildFile; fileRef = AFC2B3FE2860F30500C4630E /* Functions.cpp */; };
		AFCF685A2864D7F00027BF16 /* ArraysParameters.cpp in Sources */ = {isa = PBXBuildFile; fileRef = AFCF68592864D7F00027BF16 /* ArraysParameters.cpp */; };
		AFCF685C2864E0580027BF16 /* StructureParameters.cpp in Sources */ = {isa = PBXBuildFile; fileRef = AFCF685B2864E0580027BF16 /* StructureParameters.cpp */; };
		AFCF685E2864F7040027BF16 /* StructuresFunctions.cpp in Sources */ = {isa = PBXBuildFile; fileRef = AFCF685D2864F7040027BF16 /* StructuresFunctions.cpp */; };
/* End PBXBuildFile section */

/* Begin PBXCopyFilesBuildPhase section */
		AF1D61BD28538A3A004F7FA6 /* CopyFiles */ = {
			isa = PBXCopyFilesBuildPhase;
			buildActionMask = 2147483647;
			dstPath = /usr/share/man/man1/;
			dstSubfolderSpec = 0;
			files = (
			);
			runOnlyForDeploymentPostprocessing = 1;
		};
/* End PBXCopyFilesBuildPhase section */

/* Begin PBXFileReference section */
		AF1D61BF28538A3A004F7FA6 /* Essential Concepts */ = {isa = PBXFileReference; explicitFileType = "compiled.mach-o.executable"; includeInIndex = 0; path = "Essential Concepts"; sourceTree = BUILT_PRODUCTS_DIR; };
		AF1D61C228538A3A004F7FA6 /* Arrays.cpp */ = {isa = PBXFileReference; lastKnownFileType = sourcecode.cpp.cpp; path = Arrays.cpp; sourceTree = "<group>"; };
		AF1D61C928539A03004F7FA6 /* Structures.cpp */ = {isa = PBXFileReference; lastKnownFileType = sourcecode.cpp.cpp; path = Structures.cpp; sourceTree = "<group>"; };
		AF1D61CB2853D7D9004F7FA6 /* Pointers.cpp */ = {isa = PBXFileReference; lastKnownFileType = sourcecode.cpp.cpp; path = Pointers.cpp; sourceTree = "<group>"; };
		AF1D61CD2854E065004F7FA6 /* LinkedLists.cpp */ = {isa = PBXFileReference; lastKnownFileType = sourcecode.cpp.cpp; path = LinkedLists.cpp; sourceTree = "<group>"; };
		AF640E742876140A00F2FECC /* StaticGlobalRecursion.cpp */ = {isa = PBXFileReference; lastKnownFileType = sourcecode.cpp.cpp; path = StaticGlobalRecursion.cpp; sourceTree = "<group>"; };
		AF640E762877688200F2FECC /* TreeRecursion.cpp */ = {isa = PBXFileReference; lastKnownFileType = sourcecode.cpp.cpp; path = TreeRecursion.cpp; sourceTree = "<group>"; };
		AF640E7728776C6C00F2FECC /* IndirectRecursion.cpp */ = {isa = PBXFileReference; lastKnownFileType = sourcecode.cpp.cpp; path = IndirectRecursion.cpp; sourceTree = "<group>"; };
		AF640E782877726600F2FECC /* NestedRecursion.cpp */ = {isa = PBXFileReference; lastKnownFileType = sourcecode.cpp.cpp; path = NestedRecursion.cpp; sourceTree = "<group>"; };
		AF73CBED286A02BB00999453 /* Classes.cpp */ = {isa = PBXFileReference; lastKnownFileType = sourcecode.cpp.cpp; path = Classes.cpp; sourceTree = "<group>"; };
		AF73CBEF286A05AD00999453 /* MonolithicProgram.cpp */ = {isa = PBXFileReference; lastKnownFileType = sourcecode.cpp.cpp; path = MonolithicProgram.cpp; sourceTree = "<group>"; };
		AF73CBF1286A0B3C00999453 /* ModularProgram.cpp */ = {isa = PBXFileReference; lastKnownFileType = sourcecode.cpp.cpp; path = ModularProgram.cpp; sourceTree = "<group>"; };
		AF73CBF3286A2DF900999453 /* TemplateClasses.cpp */ = {isa = PBXFileReference; lastKnownFileType = sourcecode.cpp.cpp; path = TemplateClasses.cpp; sourceTree = "<group>"; };
		AF73CBF6286A3DB500999453 /* StaticVsDynamic.cpp */ = {isa = PBXFileReference; lastKnownFileType = sourcecode.cpp.cpp; path = StaticVsDynamic.cpp; sourceTree = "<group>"; };
		AF73CBF8286B5B0500999453 /* PhysicalVsLogical.cpp */ = {isa = PBXFileReference; lastKnownFileType = sourcecode.cpp.cpp; path = PhysicalVsLogical.cpp; sourceTree = "<group>"; };
		AF73CBFB286B6CF300999453 /* AbstractDataType.md */ = {isa = PBXFileReference; explicitFileType = net.daringfireball.markdown; path = AbstractDataType.md; sourceTree = "<group>"; };
		AF73CBFC286CC2AE00999453 /* TimeSpaceComplexity.md */ = {isa = PBXFileReference; lastKnownFileType = net.daringfireball.markdown; path = TimeSpaceComplexity.md; sourceTree = "<group>"; };
		AF73CBFD286DFB2F00999453 /* TimeSpaceComplexity.cpp */ = {isa = PBXFileReference; lastKnownFileType = sourcecode.cpp.cpp; path = TimeSpaceComplexity.cpp; sourceTree = "<group>"; };
		AF73CC00286DFE4700999453 /* RecursionIntroduction.md */ = {isa = PBXFileReference; lastKnownFileType = net.daringfireball.markdown; path = RecursionIntroduction.md; sourceTree = "<group>"; };
		AFC2B3FA2860EBC300C4630E /* References.cpp */ = {isa = PBXFileReference; lastKnownFileType = sourcecode.cpp.cpp; path = References.cpp; sourceTree = "<group>"; };
		AFC2B3FC2860EEEA00C4630E /* PointerStructure.cpp */ = {isa = PBXFileReference; lastKnownFileType = sourcecode.cpp.cpp; path = PointerStructure.cpp; sourceTree = "<group>"; };
		AFC2B3FE2860F30500C4630E /* Functions.cpp */ = {isa = PBXFileReference; lastKnownFileType = sourcecode.cpp.cpp; path = Functions.cpp; sourceTree = "<group>"; };
		AFCF68592864D7F00027BF16 /* ArraysParameters.cpp */ = {isa = PBXFileReference; lastKnownFileType = sourcecode.cpp.cpp; path = ArraysParameters.cpp; sourceTree = "<group>"; };
		AFCF685B2864E0580027BF16 /* StructureParameters.cpp */ = {isa = PBXFileReference; lastKnownFileType = sourcecode.cpp.cpp; path = StructureParameters.cpp; sourceTree = "<group>"; };
		AFCF685D2864F7040027BF16 /* StructuresFunctions.cpp */ = {isa = PBXFileReference; lastKnownFileType = sourcecode.cpp.cpp; path = StructuresFunctions.cpp; sourceTree = "<group>"; };
		AFE31818287339EA003B814B /* RecursionTracing.cpp */ = {isa = PBXFileReference; lastKnownFileType = sourcecode.cpp.cpp; path = RecursionTracing.cpp; sourceTree = "<group>"; };
/* End PBXFileReference section */

/* Begin PBXFrameworksBuildPhase section */
		AF1D61BC28538A3A004F7FA6 /* Frameworks */ = {
			isa = PBXFrameworksBuildPhase;
			buildActionMask = 2147483647;
			files = (
			);
			runOnlyForDeploymentPostprocessing = 0;
		};
/* End PBXFrameworksBuildPhase section */

/* Begin PBXGroup section */
		AF1D61B628538A39004F7FA6 = {
			isa = PBXGroup;
			children = (
				AF1D61C128538A3A004F7FA6 /* Essential Concepts */,
				AF73CBF5286A37B400999453 /* Introduction to DS */,
				AF73CBFF286DFDDD00999453 /* Recursion */,
				AF1D61C028538A3A004F7FA6 /* Products */,
			);
			sourceTree = "<group>";
		};
		AF1D61C028538A3A004F7FA6 /* Products */ = {
			isa = PBXGroup;
			children = (
				AF1D61BF28538A3A004F7FA6 /* Essential Concepts */,
			);
			name = Products;
			sourceTree = "<group>";
		};
		AF1D61C128538A3A004F7FA6 /* Essential Concepts */ = {
			isa = PBXGroup;
			children = (
				AF1D61C228538A3A004F7FA6 /* Arrays.cpp */,
				AF1D61C928539A03004F7FA6 /* Structures.cpp */,
				AF1D61CB2853D7D9004F7FA6 /* Pointers.cpp */,
				AFC2B3FA2860EBC300C4630E /* References.cpp */,
				AFC2B3FC2860EEEA00C4630E /* PointerStructure.cpp */,
				AFC2B3FE2860F30500C4630E /* Functions.cpp */,
				AFCF68592864D7F00027BF16 /* ArraysParameters.cpp */,
				AFCF685B2864E0580027BF16 /* StructureParameters.cpp */,
				AFCF685D2864F7040027BF16 /* StructuresFunctions.cpp */,
				AF73CBEF286A05AD00999453 /* MonolithicProgram.cpp */,
				AF73CBF1286A0B3C00999453 /* ModularProgram.cpp */,
				AF73CBED286A02BB00999453 /* Classes.cpp */,
				AF73CBF3286A2DF900999453 /* TemplateClasses.cpp */,
				AF1D61CD2854E065004F7FA6 /* LinkedLists.cpp */,
			);
			path = "Essential Concepts";
			sourceTree = "<group>";
		};
		AF73CBF5286A37B400999453 /* Introduction to DS */ = {
			isa = PBXGroup;
			children = (
				AF73CBF6286A3DB500999453 /* StaticVsDynamic.cpp */,
				AF73CBF8286B5B0500999453 /* PhysicalVsLogical.cpp */,
				AF73CBFB286B6CF300999453 /* AbstractDataType.md */,
				AF73CBFC286CC2AE00999453 /* TimeSpaceComplexity.md */,
				AF73CBFD286DFB2F00999453 /* TimeSpaceComplexity.cpp */,
			);
			path = "Introduction to DS";
			sourceTree = "<group>";
		};
		AF73CBFF286DFDDD00999453 /* Recursion */ = {
			isa = PBXGroup;
			children = (
				AF73CC00286DFE4700999453 /* RecursionIntroduction.md */,
				AFE31818287339EA003B814B /* RecursionTracing.cpp */,
				AF640E742876140A00F2FECC /* StaticGlobalRecursion.cpp */,
				AF640E762877688200F2FECC /* TreeRecursion.cpp */,
				AF640E7728776C6C00F2FECC /* IndirectRecursion.cpp */,
				AF640E782877726600F2FECC /* NestedRecursion.cpp */,
			);
			path = Recursion;
			sourceTree = "<group>";
		};
/* End PBXGroup section */

/* Begin PBXNativeTarget section */
		AF1D61BE28538A3A004F7FA6 /* Essential Concepts */ = {
			isa = PBXNativeTarget;
			buildConfigurationList = AF1D61C628538A3A004F7FA6 /* Build configuration list for PBXNativeTarget "Essential Concepts" */;
			buildPhases = (
				AF1D61BB28538A3A004F7FA6 /* Sources */,
				AF1D61BC28538A3A004F7FA6 /* Frameworks */,
				AF1D61BD28538A3A004F7FA6 /* CopyFiles */,
			);
			buildRules = (
			);
			dependencies = (
			);
			name = "Essential Concepts";
			productName = "Essential Concepts";
			productReference = AF1D61BF28538A3A004F7FA6 /* Essential Concepts */;
			productType = "com.apple.product-type.tool";
		};
/* End PBXNativeTarget section */

/* Begin PBXProject section */
		AF1D61B728538A39004F7FA6 /* Project object */ = {
			isa = PBXProject;
			attributes = {
				BuildIndependentTargetsInParallel = 1;
				LastUpgradeCheck = 1310;
				TargetAttributes = {
					AF1D61BE28538A3A004F7FA6 = {
						CreatedOnToolsVersion = 13.1;
					};
				};
			};
			buildConfigurationList = AF1D61BA28538A39004F7FA6 /* Build configuration list for PBXProject "Essential Concepts" */;
			compatibilityVersion = "Xcode 13.0";
			developmentRegion = en;
			hasScannedForEncodings = 0;
			knownRegions = (
				en,
				Base,
			);
			mainGroup = AF1D61B628538A39004F7FA6;
			productRefGroup = AF1D61C028538A3A004F7FA6 /* Products */;
			projectDirPath = "";
			projectRoot = "";
			targets = (
				AF1D61BE28538A3A004F7FA6 /* Essential Concepts */,
			);
		};
/* End PBXProject section */

/* Begin PBXSourcesBuildPhase section */
		AF1D61BB28538A3A004F7FA6 /* Sources */ = {
			isa = PBXSourcesBuildPhase;
			buildActionMask = 2147483647;
			files = (
				AFC2B3FB2860EBC300C4630E /* References.cpp in Sources */,
				AFCF685E2864F7040027BF16 /* StructuresFunctions.cpp in Sources */,
				AFC2B3FF2860F30500C4630E /* Functions.cpp in Sources */,
				AFC2B3FD2860EEEA00C4630E /* PointerStructure.cpp in Sources */,
				AF73CBFE286DFB2F00999453 /* TimeSpaceComplexity.cpp in Sources */,
				AF73CBF7286A3DB500999453 /* StaticVsDynamic.cpp in Sources */,
				AF73CBF0286A05AD00999453 /* MonolithicProgram.cpp in Sources */,
				AFCF685C2864E0580027BF16 /* StructureParameters.cpp in Sources */,
				AF73CBF9286B5B0500999453 /* PhysicalVsLogical.cpp in Sources */,
				AFCF685A2864D7F00027BF16 /* ArraysParameters.cpp in Sources */,
				AF73CBEE286A02BB00999453 /* Classes.cpp in Sources */,
				AF1D61C328538A3A004F7FA6 /* Arrays.cpp in Sources */,
				AF1D61CA28539A03004F7FA6 /* Structures.cpp in Sources */,
				AF73CBF4286A2DF900999453 /* TemplateClasses.cpp in Sources */,
				AF1D61CE2854E065004F7FA6 /* LinkedLists.cpp in Sources */,
				AF1D61CC2853D7D9004F7FA6 /* Pointers.cpp in Sources */,
				AF73CBF2286A0B3C00999453 /* ModularProgram.cpp in Sources */,
			);
			runOnlyForDeploymentPostprocessing = 0;
		};
/* End PBXSourcesBuildPhase section */

/* Begin XCBuildConfiguration section */
		AF1D61C428538A3A004F7FA6 /* Debug */ = {
			isa = XCBuildConfiguration;
			buildSettings = {
				ALWAYS_SEARCH_USER_PATHS = NO;
				CLANG_ANALYZER_NONNULL = YES;
				CLANG_ANALYZER_NUMBER_OBJECT_CONVERSION = YES_AGGRESSIVE;
				CLANG_CXX_LANGUAGE_STANDARD = "gnu++17";
				CLANG_CXX_LIBRARY = "libc++";
				CLANG_ENABLE_MODULES = YES;
				CLANG_ENABLE_OBJC_ARC = YES;
				CLANG_ENABLE_OBJC_WEAK = YES;
				CLANG_WARN_BLOCK_CAPTURE_AUTORELEASING = YES;
				CLANG_WARN_BOOL_CONVERSION = YES;
				CLANG_WARN_COMMA = YES;
				CLANG_WARN_CONSTANT_CONVERSION = YES;
				CLANG_WARN_DEPRECATED_OBJC_IMPLEMENTATIONS = YES;
				CLANG_WARN_DIRECT_OBJC_ISA_USAGE = YES_ERROR;
				CLANG_WARN_DOCUMENTATION_COMMENTS = YES;
				CLANG_WARN_EMPTY_BODY = YES;
				CLANG_WARN_ENUM_CONVERSION = YES;
				CLANG_WARN_INFINITE_RECURSION = YES;
				CLANG_WARN_INT_CONVERSION = YES;
				CLANG_WARN_NON_LITERAL_NULL_CONVERSION = YES;
				CLANG_WARN_OBJC_IMPLICIT_RETAIN_SELF = YES;
				CLANG_WARN_OBJC_LITERAL_CONVERSION = YES;
				CLANG_WARN_OBJC_ROOT_CLASS = YES_ERROR;
				CLANG_WARN_QUOTED_INCLUDE_IN_FRAMEWORK_HEADER = YES;
				CLANG_WARN_RANGE_LOOP_ANALYSIS = YES;
				CLANG_WARN_STRICT_PROTOTYPES = YES;
				CLANG_WARN_SUSPICIOUS_MOVE = YES;
				CLANG_WARN_UNGUARDED_AVAILABILITY = YES_AGGRESSIVE;
				CLANG_WARN_UNREACHABLE_CODE = YES;
				CLANG_WARN__DUPLICATE_METHOD_MATCH = YES;
				COPY_PHASE_STRIP = NO;
				DEBUG_INFORMATION_FORMAT = dwarf;
				ENABLE_STRICT_OBJC_MSGSEND = YES;
				ENABLE_TESTABILITY = YES;
				GCC_C_LANGUAGE_STANDARD = gnu11;
				GCC_DYNAMIC_NO_PIC = NO;
				GCC_NO_COMMON_BLOCKS = YES;
				GCC_OPTIMIZATION_LEVEL = 0;
				GCC_PREPROCESSOR_DEFINITIONS = (
					"DEBUG=1",
					"$(inherited)",
				);
				GCC_WARN_64_TO_32_BIT_CONVERSION = YES;
				GCC_WARN_ABOUT_RETURN_TYPE = YES_ERROR;
				GCC_WARN_UNDECLARED_SELECTOR = YES;
				GCC_WARN_UNINITIALIZED_AUTOS = YES_AGGRESSIVE;
				GCC_WARN_UNUSED_FUNCTION = YES;
				GCC_WARN_UNUSED_VARIABLE = YES;
				MACOSX_DEPLOYMENT_TARGET = 12.0;
				MTL_ENABLE_DEBUG_INFO = INCLUDE_SOURCE;
				MTL_FAST_MATH = YES;
				ONLY_ACTIVE_ARCH = YES;
				SDKROOT = macosx;
			};
			name = Debug;
		};
		AF1D61C528538A3A004F7FA6 /* Release */ = {
			isa = XCBuildConfiguration;
			buildSettings = {
				ALWAYS_SEARCH_USER_PATHS = NO;
				CLANG_ANALYZER_NONNULL = YES;
				CLANG_ANALYZER_NUMBER_OBJECT_CONVERSION = YES_AGGRESSIVE;
				CLANG_CXX_LANGUAGE_STANDARD = "gnu++17";
				CLANG_CXX_LIBRARY = "libc++";
				CLANG_ENABLE_MODULES = YES;
				CLANG_ENABLE_OBJC_ARC = YES;
				CLANG_ENABLE_OBJC_WEAK = YES;
				CLANG_WARN_BLOCK_CAPTURE_AUTORELEASING = YES;
				CLANG_WARN_BOOL_CONVERSION = YES;
				CLANG_WARN_COMMA = YES;
				CLANG_WARN_CONSTANT_CONVERSION = YES;
				CLANG_WARN_DEPRECATED_OBJC_IMPLEMENTATIONS = YES;
				CLANG_WARN_DIRECT_OBJC_ISA_USAGE = YES_ERROR;
				CLANG_WARN_DOCUMENTATION_COMMENTS = YES;
				CLANG_WARN_EMPTY_BODY = YES;
				CLANG_WARN_ENUM_CONVERSION = YES;
				CLANG_WARN_INFINITE_RECURSION = YES;
				CLANG_WARN_INT_CONVERSION = YES;
				CLANG_WARN_NON_LITERAL_NULL_CONVERSION = YES;
				CLANG_WARN_OBJC_IMPLICIT_RETAIN_SELF = YES;
				CLANG_WARN_OBJC_LITERAL_CONVERSION = YES;
				CLANG_WARN_OBJC_ROOT_CLASS = YES_ERROR;
				CLANG_WARN_QUOTED_INCLUDE_IN_FRAMEWORK_HEADER = YES;
				CLANG_WARN_RANGE_LOOP_ANALYSIS = YES;
				CLANG_WARN_STRICT_PROTOTYPES = YES;
				CLANG_WARN_SUSPICIOUS_MOVE = YES;
				CLANG_WARN_UNGUARDED_AVAILABILITY = YES_AGGRESSIVE;
				CLANG_WARN_UNREACHABLE_CODE = YES;
				CLANG_WARN__DUPLICATE_METHOD_MATCH = YES;
				COPY_PHASE_STRIP = NO;
				DEBUG_INFORMATION_FORMAT = "dwarf-with-dsym";
				ENABLE_NS_ASSERTIONS = NO;
				ENABLE_STRICT_OBJC_MSGSEND = YES;
				GCC_C_LANGUAGE_STANDARD = gnu11;
				GCC_NO_COMMON_BLOCKS = YES;
				GCC_WARN_64_TO_32_BIT_CONVERSION = YES;
				GCC_WARN_ABOUT_RETURN_TYPE = YES_ERROR;
				GCC_WARN_UNDECLARED_SELECTOR = YES;
				GCC_WARN_UNINITIALIZED_AUTOS = YES_AGGRESSIVE;
				GCC_WARN_UNUSED_FUNCTION = YES;
				GCC_WARN_UNUSED_VARIABLE = YES;
				MACOSX_DEPLOYMENT_TARGET = 12.0;
				MTL_ENABLE_DEBUG_INFO = NO;
				MTL_FAST_MATH = YES;
				SDKROOT = macosx;
			};
			name = Release;
		};
		AF1D61C728538A3A004F7FA6 /* Debug */ = {
			isa = XCBuildConfiguration;
			buildSettings = {
				CODE_SIGN_STYLE = Automatic;
				PRODUCT_NAME = "$(TARGET_NAME)";
			};
			name = Debug;
		};
		AF1D61C828538A3A004F7FA6 /* Release */ = {
			isa = XCBuildConfiguration;
			buildSettings = {
				CODE_SIGN_STYLE = Automatic;
				PRODUCT_NAME = "$(TARGET_NAME)";
			};
			name = Release;
		};
/* End XCBuildConfiguration section */

/* Begin XCConfigurationList section */
		AF1D61BA28538A39004F7FA6 /* Build configuration list for PBXProject "Essential Concepts" */ = {
			isa = XCConfigurationList;
			buildConfigurations = (
				AF1D61C428538A3A004F7FA6 /* Debug */,
				AF1D61C528538A3A004F7FA6 /* Release */,
			);
			defaultConfigurationIsVisible = 0;
			defaultConfigurationName = Release;
		};
		AF1D61C628538A3A004F7FA6 /* Build configuration list for PBXNativeTarget "Essential Concepts" */ = {
			isa = XCConfigurationList;
			buildConfigurations = (
				AF1D61C728538A3A004F7FA6 /* Debug */,
				AF1D61C828538A3A004F7FA6 /* Release */,
			);
			defaultConfigurationIsVisible = 0;
			defaultConfigurationName = Release;
		};
/* End XCConfigurationList section */
	};
	rootObject = AF1D61B728538A39004F7FA6 /* Project object */;
}
